// !$*UTF8*$!
{
	archiveVersion = 1;
	classes = {
	};
	objectVersion = 46;
	objects = {

/* Begin PBXBuildFile section */
		0944824545398993AFE99F3B /* Pods_Thesis2016Tests.framework in Frameworks */ = {isa = PBXBuildFile; fileRef = E0BA6BC58ECE81A169DCBB58 /* Pods_Thesis2016Tests.framework */; };
		56C5E69B39549FE4C4A701F1 /* Pods_Thesis2016.framework in Frameworks */ = {isa = PBXBuildFile; fileRef = B8C51616E2562C2148EBCE53 /* Pods_Thesis2016.framework */; };
		A50139A91E30EB8E00B55659 /* ConnectViewController.swift in Sources */ = {isa = PBXBuildFile; fileRef = A50139A81E30EB8E00B55659 /* ConnectViewController.swift */; };
		A501DA881DCDF84C00E46853 /* ConsentTask.swift in Sources */ = {isa = PBXBuildFile; fileRef = A501DA871DCDF84C00E46853 /* ConsentTask.swift */; };
		A501DA8D1DCE135700E46853 /* SurveyTask.swift in Sources */ = {isa = PBXBuildFile; fileRef = A501DA8C1DCE135700E46853 /* SurveyTask.swift */; };
		A50F01921E310EAA0080510E /* ViewController.xib in Resources */ = {isa = PBXBuildFile; fileRef = A50F01911E310EAA0080510E /* ViewController.xib */; };
		A52B91DE1E2A739B003251A6 /* CareKit.framework in Frameworks */ = {isa = PBXBuildFile; fileRef = A52B91DB1E2A7393003251A6 /* CareKit.framework */; };
		A52B91DF1E2A739B003251A6 /* CareKit.framework in Embed Frameworks */ = {isa = PBXBuildFile; fileRef = A52B91DB1E2A7393003251A6 /* CareKit.framework */; settings = {ATTRIBUTES = (CodeSignOnCopy, RemoveHeadersOnCopy, ); }; };
		A52B91F11E2A9020003251A6 /* CarePlanStoreManager.swift in Sources */ = {isa = PBXBuildFile; fileRef = A52B91F01E2A9020003251A6 /* CarePlanStoreManager.swift */; };
		A539BA261DC8B74000920711 /* AppDelegate.swift in Sources */ = {isa = PBXBuildFile; fileRef = A539BA251DC8B74000920711 /* AppDelegate.swift */; };
		A539BA281DC8B74000920711 /* ViewController.swift in Sources */ = {isa = PBXBuildFile; fileRef = A539BA271DC8B74000920711 /* ViewController.swift */; };
		A539BA2B1DC8B74000920711 /* Main.storyboard in Resources */ = {isa = PBXBuildFile; fileRef = A539BA291DC8B74000920711 /* Main.storyboard */; };
		A539BA2D1DC8B74000920711 /* Assets.xcassets in Resources */ = {isa = PBXBuildFile; fileRef = A539BA2C1DC8B74000920711 /* Assets.xcassets */; };
		A539BA301DC8B74000920711 /* LaunchScreen.storyboard in Resources */ = {isa = PBXBuildFile; fileRef = A539BA2E1DC8B74000920711 /* LaunchScreen.storyboard */; };
		A539BA3B1DC8B74000920711 /* Thesis2016Tests.swift in Sources */ = {isa = PBXBuildFile; fileRef = A539BA3A1DC8B74000920711 /* Thesis2016Tests.swift */; };
		A539BA461DC8B74000920711 /* Thesis2016UITests.swift in Sources */ = {isa = PBXBuildFile; fileRef = A539BA451DC8B74000920711 /* Thesis2016UITests.swift */; };
		A55890BE1DF0372F00EA2A34 /* Thesis2016.xcdatamodeld in Sources */ = {isa = PBXBuildFile; fileRef = A55890BC1DF0372F00EA2A34 /* Thesis2016.xcdatamodeld */; };
		A55890C11DF0380100EA2A34 /* HealthKit.framework in Frameworks */ = {isa = PBXBuildFile; fileRef = A564A95A1DCA1156007F6B46 /* HealthKit.framework */; };
		A583A05C1E2CFCA6002D2870 /* PlayButtonView.swift in Sources */ = {isa = PBXBuildFile; fileRef = A583A05B1E2CFCA6002D2870 /* PlayButtonView.swift */; };
		A583A05E1E2D874A002D2870 /* DrawRectangles.swift in Sources */ = {isa = PBXBuildFile; fileRef = A583A05D1E2D874A002D2870 /* DrawRectangles.swift */; };
		A58819E01DEEF40D000A9CF2 /* HealthManager.swift in Sources */ = {isa = PBXBuildFile; fileRef = A58819DF1DEEF40D000A9CF2 /* HealthManager.swift */; };
		A59591831E2A6D18003CB7E9 /* TabBarViewController.swift in Sources */ = {isa = PBXBuildFile; fileRef = A59591821E2A6D18003CB7E9 /* TabBarViewController.swift */; };
		A5979A5F1DF061D8005510B4 /* PhysTask.swift in Sources */ = {isa = PBXBuildFile; fileRef = A5979A5E1DF061D8005510B4 /* PhysTask.swift */; };
		A598B6C51E2DAAE200273F9B /* SF36.swift in Sources */ = {isa = PBXBuildFile; fileRef = A598B6C41E2DAAE200273F9B /* SF36.swift */; };
		A5BFCEB51DF96E0300FA187D /* BodilyPainTask.swift in Sources */ = {isa = PBXBuildFile; fileRef = A5BFCEB41DF96E0300FA187D /* BodilyPainTask.swift */; };
		A5BFCEC01DFC24A500FA187D /* PhysicalFunctioningTask.swift in Sources */ = {isa = PBXBuildFile; fileRef = A5BFCEBF1DFC24A500FA187D /* PhysicalFunctioningTask.swift */; };
		A5C0AEA31E2C2E8300E81CA8 /* NSDateComponents.swift in Sources */ = {isa = PBXBuildFile; fileRef = A5C0AEA21E2C2E8300E81CA8 /* NSDateComponents.swift */; };
		A5CF2C051DC8C99B000F01FD /* ConsentDocument.swift in Sources */ = {isa = PBXBuildFile; fileRef = A5CF2C041DC8C99B000F01FD /* ConsentDocument.swift */; };
		A5D6F3531E2C218400A19AC8 /* Colors.swift in Sources */ = {isa = PBXBuildFile; fileRef = A5D6F3521E2C218400A19AC8 /* Colors.swift */; };
		A5DBFD9A1E2C107D0084BEB2 /* CarePlanData.swift in Sources */ = {isa = PBXBuildFile; fileRef = A5DBFD991E2C107D0084BEB2 /* CarePlanData.swift */; };
		B34925FE14F52BF35FFCCCCD /* Pods_Thesis2016UITests.framework in Frameworks */ = {isa = PBXBuildFile; fileRef = B836EF6729668B58874933BE /* Pods_Thesis2016UITests.framework */; };
/* End PBXBuildFile section */

/* Begin PBXContainerItemProxy section */
		A52B91DA1E2A7393003251A6 /* PBXContainerItemProxy */ = {
			isa = PBXContainerItemProxy;
			containerPortal = A52B91D41E2A7392003251A6 /* CareKit.xcodeproj */;
			proxyType = 2;
			remoteGlobalIDString = 8605A5BA1C4F04EC00DD65FF;
			remoteInfo = CareKit;
		};
		A52B91DC1E2A7393003251A6 /* PBXContainerItemProxy */ = {
			isa = PBXContainerItemProxy;
			containerPortal = A52B91D41E2A7392003251A6 /* CareKit.xcodeproj */;
			proxyType = 2;
			remoteGlobalIDString = 8605A5C41C4F04EC00DD65FF;
			remoteInfo = CareKitTests;
		};
		A52B91E01E2A739B003251A6 /* PBXContainerItemProxy */ = {
			isa = PBXContainerItemProxy;
			containerPortal = A52B91D41E2A7392003251A6 /* CareKit.xcodeproj */;
			proxyType = 1;
			remoteGlobalIDString = 8605A5B91C4F04EC00DD65FF;
			remoteInfo = CareKit;
		};
		A52B91EA1E2A887A003251A6 /* PBXContainerItemProxy */ = {
			isa = PBXContainerItemProxy;
			containerPortal = A52B91E21E2A887A003251A6 /* OCKSample.xcodeproj */;
			proxyType = 2;
			remoteGlobalIDString = B5C1008D1CB12E0C00FAD7E8;
			remoteInfo = OCKSample;
		};
		A52B91EC1E2A887A003251A6 /* PBXContainerItemProxy */ = {
			isa = PBXContainerItemProxy;
			containerPortal = A52B91E21E2A887A003251A6 /* OCKSample.xcodeproj */;
			proxyType = 2;
			remoteGlobalIDString = 18214FC41D3D9C8000AE765B;
			remoteInfo = OCKSampleWatch;
		};
		A52B91EE1E2A887A003251A6 /* PBXContainerItemProxy */ = {
			isa = PBXContainerItemProxy;
			containerPortal = A52B91E21E2A887A003251A6 /* OCKSample.xcodeproj */;
			proxyType = 2;
			remoteGlobalIDString = 18214FD01D3D9C8000AE765B;
			remoteInfo = "OCKSampleWatch Extension";
		};
		A539BA371DC8B74000920711 /* PBXContainerItemProxy */ = {
			isa = PBXContainerItemProxy;
			containerPortal = A539BA1A1DC8B74000920711 /* Project object */;
			proxyType = 1;
			remoteGlobalIDString = A539BA211DC8B74000920711;
			remoteInfo = Thesis2016;
		};
		A539BA421DC8B74000920711 /* PBXContainerItemProxy */ = {
			isa = PBXContainerItemProxy;
			containerPortal = A539BA1A1DC8B74000920711 /* Project object */;
			proxyType = 1;
			remoteGlobalIDString = A539BA211DC8B74000920711;
			remoteInfo = Thesis2016;
		};
/* End PBXContainerItemProxy section */

/* Begin PBXCopyFilesBuildPhase section */
		A5AA3C2D1E2A6AA600DC7154 /* Embed Frameworks */ = {
			isa = PBXCopyFilesBuildPhase;
			buildActionMask = 2147483647;
			dstPath = "";
			dstSubfolderSpec = 10;
			files = (
				A52B91DF1E2A739B003251A6 /* CareKit.framework in Embed Frameworks */,
			);
			name = "Embed Frameworks";
			runOnlyForDeploymentPostprocessing = 0;
		};
/* End PBXCopyFilesBuildPhase section */

/* Begin PBXFileReference section */
		0456968C1F4C4145E485A1EF /* Pods-Thesis2016UITests.debug.xcconfig */ = {isa = PBXFileReference; includeInIndex = 1; lastKnownFileType = text.xcconfig; name = "Pods-Thesis2016UITests.debug.xcconfig"; path = "Pods/Target Support Files/Pods-Thesis2016UITests/Pods-Thesis2016UITests.debug.xcconfig"; sourceTree = "<group>"; };
		1C20754DE0DF132BEF7A1FBA /* Pods-Thesis2016.release.xcconfig */ = {isa = PBXFileReference; includeInIndex = 1; lastKnownFileType = text.xcconfig; name = "Pods-Thesis2016.release.xcconfig"; path = "Pods/Target Support Files/Pods-Thesis2016/Pods-Thesis2016.release.xcconfig"; sourceTree = "<group>"; };
		554E409EA015EA3FB24FE630 /* Pods-Thesis2016Tests.debug.xcconfig */ = {isa = PBXFileReference; includeInIndex = 1; lastKnownFileType = text.xcconfig; name = "Pods-Thesis2016Tests.debug.xcconfig"; path = "Pods/Target Support Files/Pods-Thesis2016Tests/Pods-Thesis2016Tests.debug.xcconfig"; sourceTree = "<group>"; };
		88B31A01AA3FCC5A62C2018B /* Pods-Thesis2016UITests.release.xcconfig */ = {isa = PBXFileReference; includeInIndex = 1; lastKnownFileType = text.xcconfig; name = "Pods-Thesis2016UITests.release.xcconfig"; path = "Pods/Target Support Files/Pods-Thesis2016UITests/Pods-Thesis2016UITests.release.xcconfig"; sourceTree = "<group>"; };
		A50139A81E30EB8E00B55659 /* ConnectViewController.swift */ = {isa = PBXFileReference; fileEncoding = 4; lastKnownFileType = sourcecode.swift; path = ConnectViewController.swift; sourceTree = "<group>"; };
		A501DA871DCDF84C00E46853 /* ConsentTask.swift */ = {isa = PBXFileReference; fileEncoding = 4; lastKnownFileType = sourcecode.swift; path = ConsentTask.swift; sourceTree = "<group>"; };
		A501DA8C1DCE135700E46853 /* SurveyTask.swift */ = {isa = PBXFileReference; fileEncoding = 4; lastKnownFileType = sourcecode.swift; path = SurveyTask.swift; sourceTree = "<group>"; };
		A50F01911E310EAA0080510E /* ViewController.xib */ = {isa = PBXFileReference; fileEncoding = 4; lastKnownFileType = file.xib; path = ViewController.xib; sourceTree = "<group>"; };
		A52B91D41E2A7392003251A6 /* CareKit.xcodeproj */ = {isa = PBXFileReference; lastKnownFileType = "wrapper.pb-project"; name = CareKit.xcodeproj; path = ../../../carekit/CareKit.xcodeproj; sourceTree = "<group>"; };
		A52B91E21E2A887A003251A6 /* OCKSample.xcodeproj */ = {isa = PBXFileReference; lastKnownFileType = "wrapper.pb-project"; name = OCKSample.xcodeproj; path = ../../../../carekit/Sample/OCKSample.xcodeproj; sourceTree = "<group>"; };
		A52B91F01E2A9020003251A6 /* CarePlanStoreManager.swift */ = {isa = PBXFileReference; fileEncoding = 4; lastKnownFileType = sourcecode.swift; path = CarePlanStoreManager.swift; sourceTree = "<group>"; };
		A539BA221DC8B74000920711 /* Thesis2016.app */ = {isa = PBXFileReference; explicitFileType = wrapper.application; includeInIndex = 0; path = Thesis2016.app; sourceTree = BUILT_PRODUCTS_DIR; };
		A539BA251DC8B74000920711 /* AppDelegate.swift */ = {isa = PBXFileReference; lastKnownFileType = sourcecode.swift; path = AppDelegate.swift; sourceTree = "<group>"; };
		A539BA271DC8B74000920711 /* ViewController.swift */ = {isa = PBXFileReference; lastKnownFileType = sourcecode.swift; path = ViewController.swift; sourceTree = "<group>"; };
		A539BA2A1DC8B74000920711 /* Base */ = {isa = PBXFileReference; lastKnownFileType = file.storyboard; name = Base; path = Base.lproj/Main.storyboard; sourceTree = "<group>"; };
		A539BA2C1DC8B74000920711 /* Assets.xcassets */ = {isa = PBXFileReference; lastKnownFileType = folder.assetcatalog; path = Assets.xcassets; sourceTree = "<group>"; };
		A539BA2F1DC8B74000920711 /* Base */ = {isa = PBXFileReference; lastKnownFileType = file.storyboard; name = Base; path = Base.lproj/LaunchScreen.storyboard; sourceTree = "<group>"; };
		A539BA311DC8B74000920711 /* Info.plist */ = {isa = PBXFileReference; lastKnownFileType = text.plist.xml; path = Info.plist; sourceTree = "<group>"; };
		A539BA361DC8B74000920711 /* Thesis2016Tests.xctest */ = {isa = PBXFileReference; explicitFileType = wrapper.cfbundle; includeInIndex = 0; path = Thesis2016Tests.xctest; sourceTree = BUILT_PRODUCTS_DIR; };
		A539BA3A1DC8B74000920711 /* Thesis2016Tests.swift */ = {isa = PBXFileReference; lastKnownFileType = sourcecode.swift; path = Thesis2016Tests.swift; sourceTree = "<group>"; };
		A539BA3C1DC8B74000920711 /* Info.plist */ = {isa = PBXFileReference; lastKnownFileType = text.plist.xml; path = Info.plist; sourceTree = "<group>"; };
		A539BA411DC8B74000920711 /* Thesis2016UITests.xctest */ = {isa = PBXFileReference; explicitFileType = wrapper.cfbundle; includeInIndex = 0; path = Thesis2016UITests.xctest; sourceTree = BUILT_PRODUCTS_DIR; };
		A539BA451DC8B74000920711 /* Thesis2016UITests.swift */ = {isa = PBXFileReference; lastKnownFileType = sourcecode.swift; path = Thesis2016UITests.swift; sourceTree = "<group>"; };
		A539BA471DC8B74000920711 /* Info.plist */ = {isa = PBXFileReference; lastKnownFileType = text.plist.xml; path = Info.plist; sourceTree = "<group>"; };
		A539BA531DC8BA9E00920711 /* Thesis2016.entitlements */ = {isa = PBXFileReference; lastKnownFileType = text.plist.entitlements; path = Thesis2016.entitlements; sourceTree = "<group>"; };
		A55890BD1DF0372F00EA2A34 /* Thesis2016.xcdatamodel */ = {isa = PBXFileReference; lastKnownFileType = wrapper.xcdatamodel; path = Thesis2016.xcdatamodel; sourceTree = "<group>"; };
		A55890BF1DF037AA00EA2A34 /* CoreData.framework */ = {isa = PBXFileReference; lastKnownFileType = wrapper.framework; name = CoreData.framework; path = System/Library/Frameworks/CoreData.framework; sourceTree = SDKROOT; };
		A564A95A1DCA1156007F6B46 /* HealthKit.framework */ = {isa = PBXFileReference; lastKnownFileType = wrapper.framework; name = HealthKit.framework; path = System/Library/Frameworks/HealthKit.framework; sourceTree = SDKROOT; };
		A583A05B1E2CFCA6002D2870 /* PlayButtonView.swift */ = {isa = PBXFileReference; fileEncoding = 4; lastKnownFileType = sourcecode.swift; path = PlayButtonView.swift; sourceTree = "<group>"; };
		A583A05D1E2D874A002D2870 /* DrawRectangles.swift */ = {isa = PBXFileReference; fileEncoding = 4; lastKnownFileType = sourcecode.swift; path = DrawRectangles.swift; sourceTree = "<group>"; };
		A58819DF1DEEF40D000A9CF2 /* HealthManager.swift */ = {isa = PBXFileReference; fileEncoding = 4; lastKnownFileType = sourcecode.swift; path = HealthManager.swift; sourceTree = "<group>"; };
		A59591821E2A6D18003CB7E9 /* TabBarViewController.swift */ = {isa = PBXFileReference; fileEncoding = 4; lastKnownFileType = sourcecode.swift; path = TabBarViewController.swift; sourceTree = "<group>"; };
		A5979A5E1DF061D8005510B4 /* PhysTask.swift */ = {isa = PBXFileReference; fileEncoding = 4; lastKnownFileType = sourcecode.swift; path = PhysTask.swift; sourceTree = "<group>"; };
		A598B6C41E2DAAE200273F9B /* SF36.swift */ = {isa = PBXFileReference; fileEncoding = 4; lastKnownFileType = sourcecode.swift; path = SF36.swift; sourceTree = "<group>"; };
		A5BFCEB41DF96E0300FA187D /* BodilyPainTask.swift */ = {isa = PBXFileReference; fileEncoding = 4; lastKnownFileType = sourcecode.swift; path = BodilyPainTask.swift; sourceTree = "<group>"; };
		A5BFCEBF1DFC24A500FA187D /* PhysicalFunctioningTask.swift */ = {isa = PBXFileReference; fileEncoding = 4; lastKnownFileType = sourcecode.swift; path = PhysicalFunctioningTask.swift; sourceTree = "<group>"; };
		A5C0AEA21E2C2E8300E81CA8 /* NSDateComponents.swift */ = {isa = PBXFileReference; fileEncoding = 4; lastKnownFileType = sourcecode.swift; path = NSDateComponents.swift; sourceTree = "<group>"; };
		A5CF2C041DC8C99B000F01FD /* ConsentDocument.swift */ = {isa = PBXFileReference; fileEncoding = 4; lastKnownFileType = sourcecode.swift; path = ConsentDocument.swift; sourceTree = "<group>"; };
		A5D6F3521E2C218400A19AC8 /* Colors.swift */ = {isa = PBXFileReference; fileEncoding = 4; lastKnownFileType = sourcecode.swift; name = Colors.swift; path = ../../../../carekit/Sample/Colors.swift; sourceTree = "<group>"; };
		A5DBFD991E2C107D0084BEB2 /* CarePlanData.swift */ = {isa = PBXFileReference; fileEncoding = 4; lastKnownFileType = sourcecode.swift; path = CarePlanData.swift; sourceTree = "<group>"; };
		B836EF6729668B58874933BE /* Pods_Thesis2016UITests.framework */ = {isa = PBXFileReference; explicitFileType = wrapper.framework; includeInIndex = 0; path = Pods_Thesis2016UITests.framework; sourceTree = BUILT_PRODUCTS_DIR; };
		B8C51616E2562C2148EBCE53 /* Pods_Thesis2016.framework */ = {isa = PBXFileReference; explicitFileType = wrapper.framework; includeInIndex = 0; path = Pods_Thesis2016.framework; sourceTree = BUILT_PRODUCTS_DIR; };
		BB00C4231640631996C09A4C /* Pods-Thesis2016Tests.release.xcconfig */ = {isa = PBXFileReference; includeInIndex = 1; lastKnownFileType = text.xcconfig; name = "Pods-Thesis2016Tests.release.xcconfig"; path = "Pods/Target Support Files/Pods-Thesis2016Tests/Pods-Thesis2016Tests.release.xcconfig"; sourceTree = "<group>"; };
		D9C5C5465F0D628414EB18D3 /* Pods-Thesis2016.debug.xcconfig */ = {isa = PBXFileReference; includeInIndex = 1; lastKnownFileType = text.xcconfig; name = "Pods-Thesis2016.debug.xcconfig"; path = "Pods/Target Support Files/Pods-Thesis2016/Pods-Thesis2016.debug.xcconfig"; sourceTree = "<group>"; };
		E0BA6BC58ECE81A169DCBB58 /* Pods_Thesis2016Tests.framework */ = {isa = PBXFileReference; explicitFileType = wrapper.framework; includeInIndex = 0; path = Pods_Thesis2016Tests.framework; sourceTree = BUILT_PRODUCTS_DIR; };
/* End PBXFileReference section */

/* Begin PBXFrameworksBuildPhase section */
		A539BA1F1DC8B74000920711 /* Frameworks */ = {
			isa = PBXFrameworksBuildPhase;
			buildActionMask = 2147483647;
			files = (
				A52B91DE1E2A739B003251A6 /* CareKit.framework in Frameworks */,
				A55890C11DF0380100EA2A34 /* HealthKit.framework in Frameworks */,
				56C5E69B39549FE4C4A701F1 /* Pods_Thesis2016.framework in Frameworks */,
			);
			runOnlyForDeploymentPostprocessing = 0;
		};
		A539BA331DC8B74000920711 /* Frameworks */ = {
			isa = PBXFrameworksBuildPhase;
			buildActionMask = 2147483647;
			files = (
				0944824545398993AFE99F3B /* Pods_Thesis2016Tests.framework in Frameworks */,
			);
			runOnlyForDeploymentPostprocessing = 0;
		};
		A539BA3E1DC8B74000920711 /* Frameworks */ = {
			isa = PBXFrameworksBuildPhase;
			buildActionMask = 2147483647;
			files = (
				B34925FE14F52BF35FFCCCCD /* Pods_Thesis2016UITests.framework in Frameworks */,
			);
			runOnlyForDeploymentPostprocessing = 0;
		};
/* End PBXFrameworksBuildPhase section */

/* Begin PBXGroup section */
		A52B91D51E2A7392003251A6 /* Products */ = {
			isa = PBXGroup;
			children = (
				A52B91DB1E2A7393003251A6 /* CareKit.framework */,
				A52B91DD1E2A7393003251A6 /* CareKitTests.xctest */,
			);
			name = Products;
			sourceTree = "<group>";
		};
		A52B91E31E2A887A003251A6 /* Products */ = {
			isa = PBXGroup;
			children = (
				A52B91EB1E2A887A003251A6 /* OCKSample.app */,
				A52B91ED1E2A887A003251A6 /* OCKSampleWatch.app */,
				A52B91EF1E2A887A003251A6 /* OCKSampleWatch Extension.appex */,
			);
			name = Products;
			sourceTree = "<group>";
		};
		A539BA191DC8B74000920711 = {
			isa = PBXGroup;
			children = (
				A539BA241DC8B74000920711 /* Thesis2016 */,
				A539BA391DC8B74000920711 /* Thesis2016Tests */,
				A539BA441DC8B74000920711 /* Thesis2016UITests */,
				A539BA231DC8B74000920711 /* Products */,
				F3B3CE57EC7FE2144AC379B9 /* Pods */,
			);
			sourceTree = "<group>";
		};
		A539BA231DC8B74000920711 /* Products */ = {
			isa = PBXGroup;
			children = (
				A539BA221DC8B74000920711 /* Thesis2016.app */,
				A539BA361DC8B74000920711 /* Thesis2016Tests.xctest */,
				A539BA411DC8B74000920711 /* Thesis2016UITests.xctest */,
			);
			name = Products;
			sourceTree = "<group>";
		};
		A539BA241DC8B74000920711 /* Thesis2016 */ = {
			isa = PBXGroup;
			children = (
				A539BA531DC8BA9E00920711 /* Thesis2016.entitlements */,
				A539BA251DC8B74000920711 /* AppDelegate.swift */,
				A59591821E2A6D18003CB7E9 /* TabBarViewController.swift */,
				A539BA291DC8B74000920711 /* Main.storyboard */,
				A50F01911E310EAA0080510E /* ViewController.xib */,
				A583A05B1E2CFCA6002D2870 /* PlayButtonView.swift */,
				A539BA271DC8B74000920711 /* ViewController.swift */,
				A50139A81E30EB8E00B55659 /* ConnectViewController.swift */,
				A5DBFD931E2C105B0084BEB2 /* Care Plan Store */,
				A5C0AEA91E2C2EF800E81CA8 /* Utilities */,
				A5C0AEAA1E2C2F6E00E81CA8 /* Support Files */,
				A539BA541DC8BA9E00920711 /* Frameworks */,
				A55890BC1DF0372F00EA2A34 /* Thesis2016.xcdatamodeld */,
				A5CF2C041DC8C99B000F01FD /* ConsentDocument.swift */,
				A501DA8C1DCE135700E46853 /* SurveyTask.swift */,
				A501DA871DCDF84C00E46853 /* ConsentTask.swift */,
				A5979A5E1DF061D8005510B4 /* PhysTask.swift */,
				A5BFCEB41DF96E0300FA187D /* BodilyPainTask.swift */,
				A5BFCEBF1DFC24A500FA187D /* PhysicalFunctioningTask.swift */,
				A58819DF1DEEF40D000A9CF2 /* HealthManager.swift */,
				A52B91E21E2A887A003251A6 /* OCKSample.xcodeproj */,
				A583A05D1E2D874A002D2870 /* DrawRectangles.swift */,
				A598B6C41E2DAAE200273F9B /* SF36.swift */,
			);
			path = Thesis2016;
			sourceTree = "<group>";
		};
		A539BA391DC8B74000920711 /* Thesis2016Tests */ = {
			isa = PBXGroup;
			children = (
				A539BA3A1DC8B74000920711 /* Thesis2016Tests.swift */,
				A539BA3C1DC8B74000920711 /* Info.plist */,
			);
			path = Thesis2016Tests;
			sourceTree = "<group>";
		};
		A539BA441DC8B74000920711 /* Thesis2016UITests */ = {
			isa = PBXGroup;
			children = (
				A539BA451DC8B74000920711 /* Thesis2016UITests.swift */,
				A539BA471DC8B74000920711 /* Info.plist */,
			);
			path = Thesis2016UITests;
			sourceTree = "<group>";
		};
		A539BA541DC8BA9E00920711 /* Frameworks */ = {
			isa = PBXGroup;
			children = (
				A52B91D41E2A7392003251A6 /* CareKit.xcodeproj */,
				A55890BF1DF037AA00EA2A34 /* CoreData.framework */,
				A564A95A1DCA1156007F6B46 /* HealthKit.framework */,
				B8C51616E2562C2148EBCE53 /* Pods_Thesis2016.framework */,
				E0BA6BC58ECE81A169DCBB58 /* Pods_Thesis2016Tests.framework */,
				B836EF6729668B58874933BE /* Pods_Thesis2016UITests.framework */,
			);
			name = Frameworks;
			path = ..;
			sourceTree = "<group>";
		};
		A5C0AEA91E2C2EF800E81CA8 /* Utilities */ = {
			isa = PBXGroup;
			children = (
				A5D6F3521E2C218400A19AC8 /* Colors.swift */,
				A5C0AEA21E2C2E8300E81CA8 /* NSDateComponents.swift */,
			);
			name = Utilities;
			sourceTree = "<group>";
		};
		A5C0AEAA1E2C2F6E00E81CA8 /* Support Files */ = {
			isa = PBXGroup;
			children = (
				A539BA2C1DC8B74000920711 /* Assets.xcassets */,
				A539BA2E1DC8B74000920711 /* LaunchScreen.storyboard */,
				A539BA311DC8B74000920711 /* Info.plist */,
			);
			name = "Support Files";
			sourceTree = "<group>";
		};
		A5DBFD931E2C105B0084BEB2 /* Care Plan Store */ = {
			isa = PBXGroup;
			children = (
				A52B91F01E2A9020003251A6 /* CarePlanStoreManager.swift */,
				A5DBFD991E2C107D0084BEB2 /* CarePlanData.swift */,
			);
			name = "Care Plan Store";
			sourceTree = "<group>";
		};
		F3B3CE57EC7FE2144AC379B9 /* Pods */ = {
			isa = PBXGroup;
			children = (
				D9C5C5465F0D628414EB18D3 /* Pods-Thesis2016.debug.xcconfig */,
				1C20754DE0DF132BEF7A1FBA /* Pods-Thesis2016.release.xcconfig */,
				554E409EA015EA3FB24FE630 /* Pods-Thesis2016Tests.debug.xcconfig */,
				BB00C4231640631996C09A4C /* Pods-Thesis2016Tests.release.xcconfig */,
				0456968C1F4C4145E485A1EF /* Pods-Thesis2016UITests.debug.xcconfig */,
				88B31A01AA3FCC5A62C2018B /* Pods-Thesis2016UITests.release.xcconfig */,
			);
			name = Pods;
			sourceTree = "<group>";
		};
/* End PBXGroup section */

/* Begin PBXNativeTarget section */
		A539BA211DC8B74000920711 /* Thesis2016 */ = {
			isa = PBXNativeTarget;
			buildConfigurationList = A539BA4A1DC8B74000920711 /* Build configuration list for PBXNativeTarget "Thesis2016" */;
			buildPhases = (
				1A9AFF57D24734BABD18FE0E /* [CP] Check Pods Manifest.lock */,
				A539BA1E1DC8B74000920711 /* Sources */,
				A539BA1F1DC8B74000920711 /* Frameworks */,
				A539BA201DC8B74000920711 /* Resources */,
				507B3E497794A7BBE711A0C6 /* [CP] Embed Pods Frameworks */,
				DF1757AF5C0BA19A3BC73F4D /* [CP] Copy Pods Resources */,
				A5AA3C2D1E2A6AA600DC7154 /* Embed Frameworks */,
			);
			buildRules = (
			);
			dependencies = (
				A52B91E11E2A739B003251A6 /* PBXTargetDependency */,
			);
			name = Thesis2016;
			productName = Thesis2016;
			productReference = A539BA221DC8B74000920711 /* Thesis2016.app */;
			productType = "com.apple.product-type.application";
		};
		A539BA351DC8B74000920711 /* Thesis2016Tests */ = {
			isa = PBXNativeTarget;
			buildConfigurationList = A539BA4D1DC8B74000920711 /* Build configuration list for PBXNativeTarget "Thesis2016Tests" */;
			buildPhases = (
				AF7E80B6AD38ABE9E27B8FAC /* [CP] Check Pods Manifest.lock */,
				A539BA321DC8B74000920711 /* Sources */,
				A539BA331DC8B74000920711 /* Frameworks */,
				A539BA341DC8B74000920711 /* Resources */,
				2851C48CC365A137ED0D9D79 /* [CP] Embed Pods Frameworks */,
				49D7F6F021A2162F8E7FD693 /* [CP] Copy Pods Resources */,
			);
			buildRules = (
			);
			dependencies = (
				A539BA381DC8B74000920711 /* PBXTargetDependency */,
			);
			name = Thesis2016Tests;
			productName = Thesis2016Tests;
			productReference = A539BA361DC8B74000920711 /* Thesis2016Tests.xctest */;
			productType = "com.apple.product-type.bundle.unit-test";
		};
		A539BA401DC8B74000920711 /* Thesis2016UITests */ = {
			isa = PBXNativeTarget;
			buildConfigurationList = A539BA501DC8B74000920711 /* Build configuration list for PBXNativeTarget "Thesis2016UITests" */;
			buildPhases = (
				963E1FACCDE44EE109CA62EA /* [CP] Check Pods Manifest.lock */,
				A539BA3D1DC8B74000920711 /* Sources */,
				A539BA3E1DC8B74000920711 /* Frameworks */,
				A539BA3F1DC8B74000920711 /* Resources */,
				5BFB28C8ADF304AE1DAD1C3F /* [CP] Embed Pods Frameworks */,
				C79B1DE2B09B623D0ED32A2B /* [CP] Copy Pods Resources */,
			);
			buildRules = (
			);
			dependencies = (
				A539BA431DC8B74000920711 /* PBXTargetDependency */,
			);
			name = Thesis2016UITests;
			productName = Thesis2016UITests;
			productReference = A539BA411DC8B74000920711 /* Thesis2016UITests.xctest */;
			productType = "com.apple.product-type.bundle.ui-testing";
		};
/* End PBXNativeTarget section */

/* Begin PBXProject section */
		A539BA1A1DC8B74000920711 /* Project object */ = {
			isa = PBXProject;
			attributes = {
				LastSwiftUpdateCheck = 0810;
				LastUpgradeCheck = 0810;
				ORGANIZATIONNAME = "Niclas Bach Nielsen";
				TargetAttributes = {
					A539BA211DC8B74000920711 = {
						CreatedOnToolsVersion = 8.1;
						DevelopmentTeam = U457E79KMT;
						ProvisioningStyle = Automatic;
						SystemCapabilities = {
							com.apple.HealthKit = {
								enabled = 1;
							};
						};
					};
					A539BA351DC8B74000920711 = {
						CreatedOnToolsVersion = 8.1;
						ProvisioningStyle = Automatic;
						TestTargetID = A539BA211DC8B74000920711;
					};
					A539BA401DC8B74000920711 = {
						CreatedOnToolsVersion = 8.1;
						ProvisioningStyle = Automatic;
						TestTargetID = A539BA211DC8B74000920711;
					};
				};
			};
			buildConfigurationList = A539BA1D1DC8B74000920711 /* Build configuration list for PBXProject "Thesis2016" */;
			compatibilityVersion = "Xcode 3.2";
			developmentRegion = English;
			hasScannedForEncodings = 0;
			knownRegions = (
				en,
				Base,
			);
			mainGroup = A539BA191DC8B74000920711;
			productRefGroup = A539BA231DC8B74000920711 /* Products */;
			projectDirPath = "";
			projectReferences = (
				{
					ProductGroup = A52B91D51E2A7392003251A6 /* Products */;
					ProjectRef = A52B91D41E2A7392003251A6 /* CareKit.xcodeproj */;
				},
				{
					ProductGroup = A52B91E31E2A887A003251A6 /* Products */;
					ProjectRef = A52B91E21E2A887A003251A6 /* OCKSample.xcodeproj */;
				},
			);
			projectRoot = "";
			targets = (
				A539BA211DC8B74000920711 /* Thesis2016 */,
				A539BA351DC8B74000920711 /* Thesis2016Tests */,
				A539BA401DC8B74000920711 /* Thesis2016UITests */,
			);
		};
/* End PBXProject section */

/* Begin PBXReferenceProxy section */
		A52B91DB1E2A7393003251A6 /* CareKit.framework */ = {
			isa = PBXReferenceProxy;
			fileType = wrapper.framework;
			path = CareKit.framework;
			remoteRef = A52B91DA1E2A7393003251A6 /* PBXContainerItemProxy */;
			sourceTree = BUILT_PRODUCTS_DIR;
		};
		A52B91DD1E2A7393003251A6 /* CareKitTests.xctest */ = {
			isa = PBXReferenceProxy;
			fileType = wrapper.cfbundle;
			path = CareKitTests.xctest;
			remoteRef = A52B91DC1E2A7393003251A6 /* PBXContainerItemProxy */;
			sourceTree = BUILT_PRODUCTS_DIR;
		};
		A52B91EB1E2A887A003251A6 /* OCKSample.app */ = {
			isa = PBXReferenceProxy;
			fileType = wrapper.application;
			path = OCKSample.app;
			remoteRef = A52B91EA1E2A887A003251A6 /* PBXContainerItemProxy */;
			sourceTree = BUILT_PRODUCTS_DIR;
		};
		A52B91ED1E2A887A003251A6 /* OCKSampleWatch.app */ = {
			isa = PBXReferenceProxy;
			fileType = wrapper.application;
			path = OCKSampleWatch.app;
			remoteRef = A52B91EC1E2A887A003251A6 /* PBXContainerItemProxy */;
			sourceTree = BUILT_PRODUCTS_DIR;
		};
		A52B91EF1E2A887A003251A6 /* OCKSampleWatch Extension.appex */ = {
			isa = PBXReferenceProxy;
			fileType = "wrapper.app-extension";
			path = "OCKSampleWatch Extension.appex";
			remoteRef = A52B91EE1E2A887A003251A6 /* PBXContainerItemProxy */;
			sourceTree = BUILT_PRODUCTS_DIR;
		};
/* End PBXReferenceProxy section */

/* Begin PBXResourcesBuildPhase section */
		A539BA201DC8B74000920711 /* Resources */ = {
			isa = PBXResourcesBuildPhase;
			buildActionMask = 2147483647;
			files = (
				A539BA301DC8B74000920711 /* LaunchScreen.storyboard in Resources */,
				A539BA2D1DC8B74000920711 /* Assets.xcassets in Resources */,
				A50F01921E310EAA0080510E /* ViewController.xib in Resources */,
				A539BA2B1DC8B74000920711 /* Main.storyboard in Resources */,
			);
			runOnlyForDeploymentPostprocessing = 0;
		};
		A539BA341DC8B74000920711 /* Resources */ = {
			isa = PBXResourcesBuildPhase;
			buildActionMask = 2147483647;
			files = (
			);
			runOnlyForDeploymentPostprocessing = 0;
		};
		A539BA3F1DC8B74000920711 /* Resources */ = {
			isa = PBXResourcesBuildPhase;
			buildActionMask = 2147483647;
			files = (
			);
			runOnlyForDeploymentPostprocessing = 0;
		};
/* End PBXResourcesBuildPhase section */

/* Begin PBXShellScriptBuildPhase section */
		1A9AFF57D24734BABD18FE0E /* [CP] Check Pods Manifest.lock */ = {
			isa = PBXShellScriptBuildPhase;
			buildActionMask = 2147483647;
			files = (
			);
			inputPaths = (
			);
			name = "[CP] Check Pods Manifest.lock";
			outputPaths = (
			);
			runOnlyForDeploymentPostprocessing = 0;
			shellPath = /bin/sh;
			shellScript = "diff \"${PODS_ROOT}/../Podfile.lock\" \"${PODS_ROOT}/Manifest.lock\" > /dev/null\nif [ $? != 0 ] ; then\n    # print error to STDERR\n    echo \"error: The sandbox is not in sync with the Podfile.lock. Run 'pod install' or update your CocoaPods installation.\" >&2\n    exit 1\nfi\n";
			showEnvVarsInLog = 0;
		};
		2851C48CC365A137ED0D9D79 /* [CP] Embed Pods Frameworks */ = {
			isa = PBXShellScriptBuildPhase;
			buildActionMask = 2147483647;
			files = (
			);
			inputPaths = (
			);
			name = "[CP] Embed Pods Frameworks";
			outputPaths = (
			);
			runOnlyForDeploymentPostprocessing = 0;
			shellPath = /bin/sh;
			shellScript = "\"${SRCROOT}/Pods/Target Support Files/Pods-Thesis2016Tests/Pods-Thesis2016Tests-frameworks.sh\"\n";
			showEnvVarsInLog = 0;
		};
		49D7F6F021A2162F8E7FD693 /* [CP] Copy Pods Resources */ = {
			isa = PBXShellScriptBuildPhase;
			buildActionMask = 2147483647;
			files = (
			);
			inputPaths = (
			);
			name = "[CP] Copy Pods Resources";
			outputPaths = (
			);
			runOnlyForDeploymentPostprocessing = 0;
			shellPath = /bin/sh;
			shellScript = "\"${SRCROOT}/Pods/Target Support Files/Pods-Thesis2016Tests/Pods-Thesis2016Tests-resources.sh\"\n";
			showEnvVarsInLog = 0;
		};
		507B3E497794A7BBE711A0C6 /* [CP] Embed Pods Frameworks */ = {
			isa = PBXShellScriptBuildPhase;
			buildActionMask = 2147483647;
			files = (
			);
			inputPaths = (
			);
			name = "[CP] Embed Pods Frameworks";
			outputPaths = (
			);
			runOnlyForDeploymentPostprocessing = 0;
			shellPath = /bin/sh;
			shellScript = "\"${SRCROOT}/Pods/Target Support Files/Pods-Thesis2016/Pods-Thesis2016-frameworks.sh\"\n";
			showEnvVarsInLog = 0;
		};
		5BFB28C8ADF304AE1DAD1C3F /* [CP] Embed Pods Frameworks */ = {
			isa = PBXShellScriptBuildPhase;
			buildActionMask = 2147483647;
			files = (
			);
			inputPaths = (
			);
			name = "[CP] Embed Pods Frameworks";
			outputPaths = (
			);
			runOnlyForDeploymentPostprocessing = 0;
			shellPath = /bin/sh;
			shellScript = "\"${SRCROOT}/Pods/Target Support Files/Pods-Thesis2016UITests/Pods-Thesis2016UITests-frameworks.sh\"\n";
			showEnvVarsInLog = 0;
		};
		963E1FACCDE44EE109CA62EA /* [CP] Check Pods Manifest.lock */ = {
			isa = PBXShellScriptBuildPhase;
			buildActionMask = 2147483647;
			files = (
			);
			inputPaths = (
			);
			name = "[CP] Check Pods Manifest.lock";
			outputPaths = (
			);
			runOnlyForDeploymentPostprocessing = 0;
			shellPath = /bin/sh;
			shellScript = "diff \"${PODS_ROOT}/../Podfile.lock\" \"${PODS_ROOT}/Manifest.lock\" > /dev/null\nif [ $? != 0 ] ; then\n    # print error to STDERR\n    echo \"error: The sandbox is not in sync with the Podfile.lock. Run 'pod install' or update your CocoaPods installation.\" >&2\n    exit 1\nfi\n";
			showEnvVarsInLog = 0;
		};
		AF7E80B6AD38ABE9E27B8FAC /* [CP] Check Pods Manifest.lock */ = {
			isa = PBXShellScriptBuildPhase;
			buildActionMask = 2147483647;
			files = (
			);
			inputPaths = (
			);
			name = "[CP] Check Pods Manifest.lock";
			outputPaths = (
			);
			runOnlyForDeploymentPostprocessing = 0;
			shellPath = /bin/sh;
			shellScript = "diff \"${PODS_ROOT}/../Podfile.lock\" \"${PODS_ROOT}/Manifest.lock\" > /dev/null\nif [ $? != 0 ] ; then\n    # print error to STDERR\n    echo \"error: The sandbox is not in sync with the Podfile.lock. Run 'pod install' or update your CocoaPods installation.\" >&2\n    exit 1\nfi\n";
			showEnvVarsInLog = 0;
		};
		C79B1DE2B09B623D0ED32A2B /* [CP] Copy Pods Resources */ = {
			isa = PBXShellScriptBuildPhase;
			buildActionMask = 2147483647;
			files = (
			);
			inputPaths = (
			);
			name = "[CP] Copy Pods Resources";
			outputPaths = (
			);
			runOnlyForDeploymentPostprocessing = 0;
			shellPath = /bin/sh;
			shellScript = "\"${SRCROOT}/Pods/Target Support Files/Pods-Thesis2016UITests/Pods-Thesis2016UITests-resources.sh\"\n";
			showEnvVarsInLog = 0;
		};
		DF1757AF5C0BA19A3BC73F4D /* [CP] Copy Pods Resources */ = {
			isa = PBXShellScriptBuildPhase;
			buildActionMask = 2147483647;
			files = (
			);
			inputPaths = (
			);
			name = "[CP] Copy Pods Resources";
			outputPaths = (
			);
			runOnlyForDeploymentPostprocessing = 0;
			shellPath = /bin/sh;
			shellScript = "\"${SRCROOT}/Pods/Target Support Files/Pods-Thesis2016/Pods-Thesis2016-resources.sh\"\n";
			showEnvVarsInLog = 0;
		};
/* End PBXShellScriptBuildPhase section */

/* Begin PBXSourcesBuildPhase section */
		A539BA1E1DC8B74000920711 /* Sources */ = {
			isa = PBXSourcesBuildPhase;
			buildActionMask = 2147483647;
			files = (
				A5C0AEA31E2C2E8300E81CA8 /* NSDateComponents.swift in Sources */,
				A539BA281DC8B74000920711 /* ViewController.swift in Sources */,
				A5979A5F1DF061D8005510B4 /* PhysTask.swift in Sources */,
				A5DBFD9A1E2C107D0084BEB2 /* CarePlanData.swift in Sources */,
				A5D6F3531E2C218400A19AC8 /* Colors.swift in Sources */,
				A59591831E2A6D18003CB7E9 /* TabBarViewController.swift in Sources */,
				A58819E01DEEF40D000A9CF2 /* HealthManager.swift in Sources */,
				A501DA881DCDF84C00E46853 /* ConsentTask.swift in Sources */,
				A501DA8D1DCE135700E46853 /* SurveyTask.swift in Sources */,
				A5CF2C051DC8C99B000F01FD /* ConsentDocument.swift in Sources */,
				A583A05E1E2D874A002D2870 /* DrawRectangles.swift in Sources */,
				A598B6C51E2DAAE200273F9B /* SF36.swift in Sources */,
				A52B91F11E2A9020003251A6 /* CarePlanStoreManager.swift in Sources */,
				A55890BE1DF0372F00EA2A34 /* Thesis2016.xcdatamodeld in Sources */,
				A583A05C1E2CFCA6002D2870 /* PlayButtonView.swift in Sources */,
				A5BFCEC01DFC24A500FA187D /* PhysicalFunctioningTask.swift in Sources */,
				A539BA261DC8B74000920711 /* AppDelegate.swift in Sources */,
				A5BFCEB51DF96E0300FA187D /* BodilyPainTask.swift in Sources */,
				A50139A91E30EB8E00B55659 /* ConnectViewController.swift in Sources */,
			);
			runOnlyForDeploymentPostprocessing = 0;
		};
		A539BA321DC8B74000920711 /* Sources */ = {
			isa = PBXSourcesBuildPhase;
			buildActionMask = 2147483647;
			files = (
				A539BA3B1DC8B74000920711 /* Thesis2016Tests.swift in Sources */,
			);
			runOnlyForDeploymentPostprocessing = 0;
		};
		A539BA3D1DC8B74000920711 /* Sources */ = {
			isa = PBXSourcesBuildPhase;
			buildActionMask = 2147483647;
			files = (
				A539BA461DC8B74000920711 /* Thesis2016UITests.swift in Sources */,
			);
			runOnlyForDeploymentPostprocessing = 0;
		};
/* End PBXSourcesBuildPhase section */

/* Begin PBXTargetDependency section */
		A52B91E11E2A739B003251A6 /* PBXTargetDependency */ = {
			isa = PBXTargetDependency;
			name = CareKit;
			targetProxy = A52B91E01E2A739B003251A6 /* PBXContainerItemProxy */;
		};
		A539BA381DC8B74000920711 /* PBXTargetDependency */ = {
			isa = PBXTargetDependency;
			target = A539BA211DC8B74000920711 /* Thesis2016 */;
			targetProxy = A539BA371DC8B74000920711 /* PBXContainerItemProxy */;
		};
		A539BA431DC8B74000920711 /* PBXTargetDependency */ = {
			isa = PBXTargetDependency;
			target = A539BA211DC8B74000920711 /* Thesis2016 */;
			targetProxy = A539BA421DC8B74000920711 /* PBXContainerItemProxy */;
		};
/* End PBXTargetDependency section */

/* Begin PBXVariantGroup section */
		A539BA291DC8B74000920711 /* Main.storyboard */ = {
			isa = PBXVariantGroup;
			children = (
				A539BA2A1DC8B74000920711 /* Base */,
			);
			name = Main.storyboard;
			sourceTree = "<group>";
		};
		A539BA2E1DC8B74000920711 /* LaunchScreen.storyboard */ = {
			isa = PBXVariantGroup;
			children = (
				A539BA2F1DC8B74000920711 /* Base */,
			);
			name = LaunchScreen.storyboard;
			sourceTree = "<group>";
		};
/* End PBXVariantGroup section */

/* Begin XCBuildConfiguration section */
		A539BA481DC8B74000920711 /* Debug */ = {
			isa = XCBuildConfiguration;
			buildSettings = {
				ALWAYS_SEARCH_USER_PATHS = NO;
				CLANG_ANALYZER_NONNULL = YES;
				CLANG_CXX_LANGUAGE_STANDARD = "gnu++0x";
				CLANG_CXX_LIBRARY = "libc++";
				CLANG_ENABLE_MODULES = YES;
				CLANG_ENABLE_OBJC_ARC = YES;
				CLANG_WARN_BOOL_CONVERSION = YES;
				CLANG_WARN_CONSTANT_CONVERSION = YES;
				CLANG_WARN_DIRECT_OBJC_ISA_USAGE = YES_ERROR;
				CLANG_WARN_DOCUMENTATION_COMMENTS = YES;
				CLANG_WARN_EMPTY_BODY = YES;
				CLANG_WARN_ENUM_CONVERSION = YES;
				CLANG_WARN_INFINITE_RECURSION = YES;
				CLANG_WARN_INT_CONVERSION = YES;
				CLANG_WARN_OBJC_ROOT_CLASS = YES_ERROR;
				CLANG_WARN_SUSPICIOUS_MOVE = YES;
				CLANG_WARN_SUSPICIOUS_MOVES = YES;
				CLANG_WARN_UNREACHABLE_CODE = YES;
				CLANG_WARN__DUPLICATE_METHOD_MATCH = YES;
				"CODE_SIGN_IDENTITY[sdk=iphoneos*]" = "iPhone Developer";
				COPY_PHASE_STRIP = NO;
				DEBUG_INFORMATION_FORMAT = dwarf;
				ENABLE_STRICT_OBJC_MSGSEND = YES;
				ENABLE_TESTABILITY = YES;
				GCC_C_LANGUAGE_STANDARD = gnu99;
				GCC_DYNAMIC_NO_PIC = NO;
				GCC_NO_COMMON_BLOCKS = YES;
				GCC_OPTIMIZATION_LEVEL = 0;
				GCC_PREPROCESSOR_DEFINITIONS = (
					"DEBUG=1",
					"$(inherited)",
				);
				GCC_WARN_64_TO_32_BIT_CONVERSION = YES;
				GCC_WARN_ABOUT_RETURN_TYPE = YES_ERROR;
				GCC_WARN_UNDECLARED_SELECTOR = YES;
				GCC_WARN_UNINITIALIZED_AUTOS = YES_AGGRESSIVE;
				GCC_WARN_UNUSED_FUNCTION = YES;
				GCC_WARN_UNUSED_VARIABLE = YES;
				IPHONEOS_DEPLOYMENT_TARGET = 10.1;
				MTL_ENABLE_DEBUG_INFO = YES;
				ONLY_ACTIVE_ARCH = YES;
				SDKROOT = iphoneos;
				SWIFT_ACTIVE_COMPILATION_CONDITIONS = DEBUG;
				SWIFT_OPTIMIZATION_LEVEL = "-Onone";
			};
			name = Debug;
		};
		A539BA491DC8B74000920711 /* Release */ = {
			isa = XCBuildConfiguration;
			buildSettings = {
				ALWAYS_SEARCH_USER_PATHS = NO;
				CLANG_ANALYZER_NONNULL = YES;
				CLANG_CXX_LANGUAGE_STANDARD = "gnu++0x";
				CLANG_CXX_LIBRARY = "libc++";
				CLANG_ENABLE_MODULES = YES;
				CLANG_ENABLE_OBJC_ARC = YES;
				CLANG_WARN_BOOL_CONVERSION = YES;
				CLANG_WARN_CONSTANT_CONVERSION = YES;
				CLANG_WARN_DIRECT_OBJC_ISA_USAGE = YES_ERROR;
				CLANG_WARN_DOCUMENTATION_COMMENTS = YES;
				CLANG_WARN_EMPTY_BODY = YES;
				CLANG_WARN_ENUM_CONVERSION = YES;
				CLANG_WARN_INFINITE_RECURSION = YES;
				CLANG_WARN_INT_CONVERSION = YES;
				CLANG_WARN_OBJC_ROOT_CLASS = YES_ERROR;
				CLANG_WARN_SUSPICIOUS_MOVE = YES;
				CLANG_WARN_SUSPICIOUS_MOVES = YES;
				CLANG_WARN_UNREACHABLE_CODE = YES;
				CLANG_WARN__DUPLICATE_METHOD_MATCH = YES;
				"CODE_SIGN_IDENTITY[sdk=iphoneos*]" = "iPhone Developer";
				COPY_PHASE_STRIP = NO;
				DEBUG_INFORMATION_FORMAT = "dwarf-with-dsym";
				ENABLE_NS_ASSERTIONS = NO;
				ENABLE_STRICT_OBJC_MSGSEND = YES;
				GCC_C_LANGUAGE_STANDARD = gnu99;
				GCC_NO_COMMON_BLOCKS = YES;
				GCC_WARN_64_TO_32_BIT_CONVERSION = YES;
				GCC_WARN_ABOUT_RETURN_TYPE = YES_ERROR;
				GCC_WARN_UNDECLARED_SELECTOR = YES;
				GCC_WARN_UNINITIALIZED_AUTOS = YES_AGGRESSIVE;
				GCC_WARN_UNUSED_FUNCTION = YES;
				GCC_WARN_UNUSED_VARIABLE = YES;
				IPHONEOS_DEPLOYMENT_TARGET = 10.1;
				MTL_ENABLE_DEBUG_INFO = NO;
				SDKROOT = iphoneos;
				SWIFT_OPTIMIZATION_LEVEL = "-Owholemodule";
				VALIDATE_PRODUCT = YES;
			};
			name = Release;
		};
		A539BA4B1DC8B74000920711 /* Debug */ = {
			isa = XCBuildConfiguration;
			baseConfigurationReference = D9C5C5465F0D628414EB18D3 /* Pods-Thesis2016.debug.xcconfig */;
			buildSettings = {
				ASSETCATALOG_COMPILER_APPICON_NAME = AppIcon;
				CODE_SIGN_ENTITLEMENTS = Thesis2016/Thesis2016.entitlements;
				DEVELOPMENT_TEAM = U457E79KMT;
				INFOPLIST_FILE = Thesis2016/Info.plist;
				LD_RUNPATH_SEARCH_PATHS = "$(inherited) @executable_path/Frameworks";
				PRODUCT_BUNDLE_IDENTIFIER = m.Thesis2016;
				PRODUCT_NAME = "$(TARGET_NAME)";
				SWIFT_VERSION = 3.0;
				TARGETED_DEVICE_FAMILY = 1;
			};
			name = Debug;
		};
		A539BA4C1DC8B74000920711 /* Release */ = {
			isa = XCBuildConfiguration;
			baseConfigurationReference = 1C20754DE0DF132BEF7A1FBA /* Pods-Thesis2016.release.xcconfig */;
			buildSettings = {
				ASSETCATALOG_COMPILER_APPICON_NAME = AppIcon;
				CODE_SIGN_ENTITLEMENTS = Thesis2016/Thesis2016.entitlements;
				DEVELOPMENT_TEAM = U457E79KMT;
				INFOPLIST_FILE = Thesis2016/Info.plist;
				LD_RUNPATH_SEARCH_PATHS = "$(inherited) @executable_path/Frameworks";
				PRODUCT_BUNDLE_IDENTIFIER = m.Thesis2016;
				PRODUCT_NAME = "$(TARGET_NAME)";
				SWIFT_VERSION = 3.0;
				TARGETED_DEVICE_FAMILY = 1;
			};
			name = Release;
		};
		A539BA4E1DC8B74000920711 /* Debug */ = {
			isa = XCBuildConfiguration;
			baseConfigurationReference = 554E409EA015EA3FB24FE630 /* Pods-Thesis2016Tests.debug.xcconfig */;
			buildSettings = {
				ALWAYS_EMBED_SWIFT_STANDARD_LIBRARIES = YES;
				BUNDLE_LOADER = "$(TEST_HOST)";
				INFOPLIST_FILE = Thesis2016Tests/Info.plist;
				LD_RUNPATH_SEARCH_PATHS = "$(inherited) @executable_path/Frameworks @loader_path/Frameworks";
				PRODUCT_BUNDLE_IDENTIFIER = m.Thesis2016Tests;
				PRODUCT_NAME = "$(TARGET_NAME)";
				SWIFT_VERSION = 3.0;
				TEST_HOST = "$(BUILT_PRODUCTS_DIR)/Thesis2016.app/Thesis2016";
			};
			name = Debug;
		};
		A539BA4F1DC8B74000920711 /* Release */ = {
			isa = XCBuildConfiguration;
			baseConfigurationReference = BB00C4231640631996C09A4C /* Pods-Thesis2016Tests.release.xcconfig */;
			buildSettings = {
				ALWAYS_EMBED_SWIFT_STANDARD_LIBRARIES = YES;
				BUNDLE_LOADER = "$(TEST_HOST)";
				INFOPLIST_FILE = Thesis2016Tests/Info.plist;
				LD_RUNPATH_SEARCH_PATHS = "$(inherited) @executable_path/Frameworks @loader_path/Frameworks";
				PRODUCT_BUNDLE_IDENTIFIER = m.Thesis2016Tests;
				PRODUCT_NAME = "$(TARGET_NAME)";
				SWIFT_VERSION = 3.0;
				TEST_HOST = "$(BUILT_PRODUCTS_DIR)/Thesis2016.app/Thesis2016";
			};
			name = Release;
		};
		A539BA511DC8B74000920711 /* Debug */ = {
			isa = XCBuildConfiguration;
			baseConfigurationReference = 0456968C1F4C4145E485A1EF /* Pods-Thesis2016UITests.debug.xcconfig */;
			buildSettings = {
				ALWAYS_EMBED_SWIFT_STANDARD_LIBRARIES = YES;
				INFOPLIST_FILE = Thesis2016UITests/Info.plist;
				LD_RUNPATH_SEARCH_PATHS = "$(inherited) @executable_path/Frameworks @loader_path/Frameworks";
				PRODUCT_BUNDLE_IDENTIFIER = m.Thesis2016UITests;
				PRODUCT_NAME = "$(TARGET_NAME)";
				SWIFT_VERSION = 3.0;
				TEST_TARGET_NAME = Thesis2016;
			};
			name = Debug;
		};
		A539BA521DC8B74000920711 /* Release */ = {
			isa = XCBuildConfiguration;
			baseConfigurationReference = 88B31A01AA3FCC5A62C2018B /* Pods-Thesis2016UITests.release.xcconfig */;
			buildSettings = {
				ALWAYS_EMBED_SWIFT_STANDARD_LIBRARIES = YES;
				INFOPLIST_FILE = Thesis2016UITests/Info.plist;
				LD_RUNPATH_SEARCH_PATHS = "$(inherited) @executable_path/Frameworks @loader_path/Frameworks";
				PRODUCT_BUNDLE_IDENTIFIER = m.Thesis2016UITests;
				PRODUCT_NAME = "$(TARGET_NAME)";
				SWIFT_VERSION = 3.0;
				TEST_TARGET_NAME = Thesis2016;
			};
			name = Release;
		};
/* End XCBuildConfiguration section */

/* Begin XCConfigurationList section */
		A539BA1D1DC8B74000920711 /* Build configuration list for PBXProject "Thesis2016" */ = {
			isa = XCConfigurationList;
			buildConfigurations = (
				A539BA481DC8B74000920711 /* Debug */,
				A539BA491DC8B74000920711 /* Release */,
			);
			defaultConfigurationIsVisible = 0;
			defaultConfigurationName = Release;
		};
		A539BA4A1DC8B74000920711 /* Build configuration list for PBXNativeTarget "Thesis2016" */ = {
			isa = XCConfigurationList;
			buildConfigurations = (
				A539BA4B1DC8B74000920711 /* Debug */,
				A539BA4C1DC8B74000920711 /* Release */,
			);
			defaultConfigurationIsVisible = 0;
			defaultConfigurationName = Release;
		};
		A539BA4D1DC8B74000920711 /* Build configuration list for PBXNativeTarget "Thesis2016Tests" */ = {
			isa = XCConfigurationList;
			buildConfigurations = (
				A539BA4E1DC8B74000920711 /* Debug */,
				A539BA4F1DC8B74000920711 /* Release */,
			);
			defaultConfigurationIsVisible = 0;
			defaultConfigurationName = Release;
		};
		A539BA501DC8B74000920711 /* Build configuration list for PBXNativeTarget "Thesis2016UITests" */ = {
			isa = XCConfigurationList;
			buildConfigurations = (
				A539BA511DC8B74000920711 /* Debug */,
				A539BA521DC8B74000920711 /* Release */,
			);
			defaultConfigurationIsVisible = 0;
			defaultConfigurationName = Release;
		};
/* End XCConfigurationList section */

/* Begin XCVersionGroup section */
		A55890BC1DF0372F00EA2A34 /* Thesis2016.xcdatamodeld */ = {
			isa = XCVersionGroup;
			children = (
				A55890BD1DF0372F00EA2A34 /* Thesis2016.xcdatamodel */,
			);
			currentVersion = A55890BD1DF0372F00EA2A34 /* Thesis2016.xcdatamodel */;
			path = Thesis2016.xcdatamodeld;
			sourceTree = "<group>";
			versionGroupType = wrapper.xcdatamodel;
		};
/* End XCVersionGroup section */
	};
	rootObject = A539BA1A1DC8B74000920711 /* Project object */;
}
